
Microsoft Visual Studio Solution File, Format Version 12.00
Project("{FAE04EC0-301F-11D3-BF4B-00C04F79EFBC}") = "Flownodes.Edge.Node", "Flownodes.Edge.Node\Flownodes.Edge.Node.csproj", "{54E947C5-1747-4D17-8BB6-2E0E7422F36E}"
EndProject
Project("{FAE04EC0-301F-11D3-BF4B-00C04F79EFBC}") = "Flownodes.Components.PhilipsHue", "Flownodes.Components.PhilipsHue\Flownodes.Components.PhilipsHue.csproj", "{9215735E-A685-4AFD-B588-936487E6A157}"
EndProject
Project("{FAE04EC0-301F-11D3-BF4B-00C04F79EFBC}") = "Flownodes.Components.OpenWeather", "Flownodes.Components.OpenWeather\Flownodes.Components.OpenWeather.csproj", "{5015E561-72B8-4A1B-AA61-C42063A61EB4}"
EndProject
Project("{FAE04EC0-301F-11D3-BF4B-00C04F79EFBC}") = "Flownodes.Edge.Core", "Flownodes.Edge.Core\Flownodes.Edge.Core.csproj", "{B778E35A-3ED3-4A2D-B422-6B08ADE02B4D}"
EndProject
Project("{FAE04EC0-301F-11D3-BF4B-00C04F79EFBC}") = "Flownodes.Components.Telegram", "Flownodes.Components.Telegram\Flownodes.Components.Telegram.csproj", "{A2C2F6DF-035C-430A-B5B4-84C7B227DB71}"
EndProject
Project("{FAE04EC0-301F-11D3-BF4B-00C04F79EFBC}") = "Flownodes.Components.Discord", "Flownodes.Components.Discord\Flownodes.Components.Discord.csproj", "{241C53CA-48CE-4894-926C-DA65D0A0A9D8}"
EndProject
Project("{2150E333-8FDC-42A3-9474-1A3956D46DE8}") = "Components", "Components", "{874C2FE9-67D1-4F37-B087-4B53169674B2}"
EndProject
Project("{FAE04EC0-301F-11D3-BF4B-00C04F79EFBC}") = "Flownodes.Cluster.Edge.Tests", "Flownodes.Cluster.Edge.Tests\Flownodes.Cluster.Edge.Tests.csproj", "{E29D2462-E962-4532-A138-FC978E4603C9}"
EndProject
Project("{FAE04EC0-301F-11D3-BF4B-00C04F79EFBC}") = "Flownodes.Edge.ApiGateway", "Flownodes.Edge.ApiGateway\Flownodes.Edge.ApiGateway.csproj", "{98E06037-0071-4332-A138-63B4789921BB}"
EndProject
Project("{FAE04EC0-301F-11D3-BF4B-00C04F79EFBC}") = "Flownodes.Components.OBB", "Flownodes.Components.OBB\Flownodes.Components.OBB.csproj", "{5B3A4612-7A15-4368-A40B-1EDC21358FCD}"
EndProject
Project("{FAE04EC0-301F-11D3-BF4B-00C04F79EFBC}") = "Flownodes.Edge.CliClient", "Flownodes.Edge.CliClient\Flownodes.Edge.CliClient.csproj", "{75FDDB51-FE09-404E-ADEB-575B310810BA}"
EndProject
Global
	GlobalSection(SolutionConfigurationPlatforms) = preSolution
		Debug|Any CPU = Debug|Any CPU
		Release|Any CPU = Release|Any CPU
	EndGlobalSection
	GlobalSection(ProjectConfigurationPlatforms) = postSolution
		{54E947C5-1747-4D17-8BB6-2E0E7422F36E}.Debug|Any CPU.ActiveCfg = Debug|Any CPU
		{54E947C5-1747-4D17-8BB6-2E0E7422F36E}.Debug|Any CPU.Build.0 = Debug|Any CPU
		{54E947C5-1747-4D17-8BB6-2E0E7422F36E}.Release|Any CPU.ActiveCfg = Release|Any CPU
		{54E947C5-1747-4D17-8BB6-2E0E7422F36E}.Release|Any CPU.Build.0 = Release|Any CPU
		{9215735E-A685-4AFD-B588-936487E6A157}.Debug|Any CPU.ActiveCfg = Debug|Any CPU
		{9215735E-A685-4AFD-B588-936487E6A157}.Debug|Any CPU.Build.0 = Debug|Any CPU
		{9215735E-A685-4AFD-B588-936487E6A157}.Release|Any CPU.ActiveCfg = Release|Any CPU
		{9215735E-A685-4AFD-B588-936487E6A157}.Release|Any CPU.Build.0 = Release|Any CPU
		{5015E561-72B8-4A1B-AA61-C42063A61EB4}.Debug|Any CPU.ActiveCfg = Debug|Any CPU
		{5015E561-72B8-4A1B-AA61-C42063A61EB4}.Debug|Any CPU.Build.0 = Debug|Any CPU
		{5015E561-72B8-4A1B-AA61-C42063A61EB4}.Release|Any CPU.ActiveCfg = Release|Any CPU
		{5015E561-72B8-4A1B-AA61-C42063A61EB4}.Release|Any CPU.Build.0 = Release|Any CPU
		{B778E35A-3ED3-4A2D-B422-6B08ADE02B4D}.Debug|Any CPU.ActiveCfg = Debug|Any CPU
		{B778E35A-3ED3-4A2D-B422-6B08ADE02B4D}.Debug|Any CPU.Build.0 = Debug|Any CPU
		{B778E35A-3ED3-4A2D-B422-6B08ADE02B4D}.Release|Any CPU.ActiveCfg = Release|Any CPU
		{B778E35A-3ED3-4A2D-B422-6B08ADE02B4D}.Release|Any CPU.Build.0 = Release|Any CPU
		{A2C2F6DF-035C-430A-B5B4-84C7B227DB71}.Debug|Any CPU.ActiveCfg = Debug|Any CPU
		{A2C2F6DF-035C-430A-B5B4-84C7B227DB71}.Debug|Any CPU.Build.0 = Debug|Any CPU
		{A2C2F6DF-035C-430A-B5B4-84C7B227DB71}.Release|Any CPU.ActiveCfg = Release|Any CPU
		{A2C2F6DF-035C-430A-B5B4-84C7B227DB71}.Release|Any CPU.Build.0 = Release|Any CPU
		{241C53CA-48CE-4894-926C-DA65D0A0A9D8}.Debug|Any CPU.ActiveCfg = Debug|Any CPU
		{241C53CA-48CE-4894-926C-DA65D0A0A9D8}.Debug|Any CPU.Build.0 = Debug|Any CPU
		{241C53CA-48CE-4894-926C-DA65D0A0A9D8}.Release|Any CPU.ActiveCfg = Release|Any CPU
		{241C53CA-48CE-4894-926C-DA65D0A0A9D8}.Release|Any CPU.Build.0 = Release|Any CPU
		{E29D2462-E962-4532-A138-FC978E4603C9}.Debug|Any CPU.ActiveCfg = Debug|Any CPU
		{E29D2462-E962-4532-A138-FC978E4603C9}.Debug|Any CPU.Build.0 = Debug|Any CPU
		{E29D2462-E962-4532-A138-FC978E4603C9}.Release|Any CPU.ActiveCfg = Release|Any CPU
		{E29D2462-E962-4532-A138-FC978E4603C9}.Release|Any CPU.Build.0 = Release|Any CPU
		{98E06037-0071-4332-A138-63B4789921BB}.Debug|Any CPU.ActiveCfg = Debug|Any CPU
		{98E06037-0071-4332-A138-63B4789921BB}.Debug|Any CPU.Build.0 = Debug|Any CPU
		{98E06037-0071-4332-A138-63B4789921BB}.Release|Any CPU.ActiveCfg = Release|Any CPU
		{98E06037-0071-4332-A138-63B4789921BB}.Release|Any CPU.Build.0 = Release|Any CPU
		{5B3A4612-7A15-4368-A40B-1EDC21358FCD}.Debug|Any CPU.ActiveCfg = Debug|Any CPU
		{5B3A4612-7A15-4368-A40B-1EDC21358FCD}.Debug|Any CPU.Build.0 = Debug|Any CPU
		{5B3A4612-7A15-4368-A40B-1EDC21358FCD}.Release|Any CPU.ActiveCfg = Release|Any CPU
		{5B3A4612-7A15-4368-A40B-1EDC21358FCD}.Release|Any CPU.Build.0 = Release|Any CPU
		{75FDDB51-FE09-404E-ADEB-575B310810BA}.Debug|Any CPU.ActiveCfg = Debug|Any CPU
		{75FDDB51-FE09-404E-ADEB-575B310810BA}.Debug|Any CPU.Build.0 = Debug|Any CPU
		{75FDDB51-FE09-404E-ADEB-575B310810BA}.Release|Any CPU.ActiveCfg = Release|Any CPU
		{75FDDB51-FE09-404E-ADEB-575B310810BA}.Release|Any CPU.Build.0 = Release|Any CPU
	EndGlobalSection
	GlobalSection(NestedProjects) = preSolution
		{241C53CA-48CE-4894-926C-DA65D0A0A9D8} = {874C2FE9-67D1-4F37-B087-4B53169674B2}
		{5015E561-72B8-4A1B-AA61-C42063A61EB4} = {874C2FE9-67D1-4F37-B087-4B53169674B2}
		{9215735E-A685-4AFD-B588-936487E6A157} = {874C2FE9-67D1-4F37-B087-4B53169674B2}
		{A2C2F6DF-035C-430A-B5B4-84C7B227DB71} = {874C2FE9-67D1-4F37-B087-4B53169674B2}
		{5B3A4612-7A15-4368-A40B-1EDC21358FCD} = {874C2FE9-67D1-4F37-B087-4B53169674B2}
	EndGlobalSection
EndGlobal
